
Microsoft Visual Studio Solution File, Format Version 12.00
# Visual Studio Version 16
VisualStudioVersion = 16.0.29215.179
MinimumVisualStudioVersion = 10.0.40219.1
Project("{FAE04EC0-301F-11D3-BF4B-00C04F79EFBC}") = "Maxime", "Maxime\Maxime.csproj", "{985516A2-B2CA-4B8D-B194-F577E49AF764}"
EndProject
Global
	GlobalSection(SolutionConfigurationPlatforms) = preSolution
		Debug|Any CPU = Debug|Any CPU
		Release|Any CPU = Release|Any CPU
	EndGlobalSection
	GlobalSection(ProjectConfigurationPlatforms) = postSolution
		{985516A2-B2CA-4B8D-B194-F577E49AF764}.Debug|Any CPU.ActiveCfg = Debug|Any CPU
		{985516A2-B2CA-4B8D-B194-F577E49AF764}.Debug|Any CPU.Build.0 = Debug|Any CPU
		{985516A2-B2CA-4B8D-B194-F577E49AF764}.Release|Any CPU.ActiveCfg = Release|Any CPU
		{985516A2-B2CA-4B8D-B194-F577E49AF764}.Release|Any CPU.Build.0 = Release|Any CPU
	EndGlobalSection
	GlobalSection(SolutionProperties) = preSolution
		HideSolutionNode = FALSE
	EndGlobalSection
	GlobalSection(ExtensibilityGlobals) = postSolution
		SolutionGuid = {0F3634C7-09FA-40BA-A7C0-349C05D4F695}
	EndGlobalSection
EndGlobal
